
Microsoft Visual Studio Solution File, Format Version 12.00
# Visual Studio Version 16
VisualStudioVersion = 16.0.34601.136
MinimumVisualStudioVersion = 10.0.40219.1
Project("{FAE04EC0-301F-11D3-BF4B-00C04F79EFBC}") = "4", "4\4.csproj", "{2CD47C3A-279A-4EF0-AE80-E7FB1F6D96DA}"
EndProject
Global
	GlobalSection(SolutionConfigurationPlatforms) = preSolution
		Debug|Any CPU = Debug|Any CPU
		Release|Any CPU = Release|Any CPU
	EndGlobalSection
	GlobalSection(ProjectConfigurationPlatforms) = postSolution
		{2CD47C3A-279A-4EF0-AE80-E7FB1F6D96DA}.Debug|Any CPU.ActiveCfg = Debug|Any CPU
		{2CD47C3A-279A-4EF0-AE80-E7FB1F6D96DA}.Debug|Any CPU.Build.0 = Debug|Any CPU
		{2CD47C3A-279A-4EF0-AE80-E7FB1F6D96DA}.Release|Any CPU.ActiveCfg = Release|Any CPU
		{2CD47C3A-279A-4EF0-AE80-E7FB1F6D96DA}.Release|Any CPU.Build.0 = Release|Any CPU
	EndGlobalSection
	GlobalSection(SolutionProperties) = preSolution
		HideSolutionNode = FALSE
	EndGlobalSection
	GlobalSection(ExtensibilityGlobals) = postSolution
		SolutionGuid = {4179F1EE-D1D4-4526-8DAE-BD87212CC135}
	EndGlobalSection
EndGlobal
