
Microsoft Visual Studio Solution File, Format Version 12.00
# Visual Studio Version 16
VisualStudioVersion = 16.0.34601.136
MinimumVisualStudioVersion = 10.0.40219.1
Project("{FAE04EC0-301F-11D3-BF4B-00C04F79EFBC}") = "2", "2\2.csproj", "{81F2B7EA-9756-4B82-AA7A-B0777FA21FCC}"
EndProject
Global
	GlobalSection(SolutionConfigurationPlatforms) = preSolution
		Debug|Any CPU = Debug|Any CPU
		Release|Any CPU = Release|Any CPU
	EndGlobalSection
	GlobalSection(ProjectConfigurationPlatforms) = postSolution
		{81F2B7EA-9756-4B82-AA7A-B0777FA21FCC}.Debug|Any CPU.ActiveCfg = Debug|Any CPU
		{81F2B7EA-9756-4B82-AA7A-B0777FA21FCC}.Debug|Any CPU.Build.0 = Debug|Any CPU
		{81F2B7EA-9756-4B82-AA7A-B0777FA21FCC}.Release|Any CPU.ActiveCfg = Release|Any CPU
		{81F2B7EA-9756-4B82-AA7A-B0777FA21FCC}.Release|Any CPU.Build.0 = Release|Any CPU
	EndGlobalSection
	GlobalSection(SolutionProperties) = preSolution
		HideSolutionNode = FALSE
	EndGlobalSection
	GlobalSection(ExtensibilityGlobals) = postSolution
		SolutionGuid = {5A9921C3-A084-45EB-9C67-37802021F93F}
	EndGlobalSection
EndGlobal
